Microsoft Visual Studio Solution File, Format Version 12.00
# Visual Studio Version 17
VisualStudioVersion = 17.5.2.0
MinimumVisualStudioVersion = 10.0.40219.1
Project("{FAE04EC0-301F-11D3-BF4B-00C04F79EFBC}") = "The IT book online shop", "The IT book online shop.csproj", "{D34DC9DB-5CB5-3533-50F1-24D1BD1A3097}"
EndProject
Global
	GlobalSection(SolutionConfigurationPlatforms) = preSolution
		Debug|Any CPU = Debug|Any CPU
		Release|Any CPU = Release|Any CPU
	EndGlobalSection
	GlobalSection(ProjectConfigurationPlatforms) = postSolution
		{D34DC9DB-5CB5-3533-50F1-24D1BD1A3097}.Debug|Any CPU.ActiveCfg = Debug|Any CPU
		{D34DC9DB-5CB5-3533-50F1-24D1BD1A3097}.Debug|Any CPU.Build.0 = Debug|Any CPU
		{D34DC9DB-5CB5-3533-50F1-24D1BD1A3097}.Release|Any CPU.ActiveCfg = Release|Any CPU
		{D34DC9DB-5CB5-3533-50F1-24D1BD1A3097}.Release|Any CPU.Build.0 = Release|Any CPU
	EndGlobalSection
	GlobalSection(SolutionProperties) = preSolution
		HideSolutionNode = FALSE
	EndGlobalSection
	GlobalSection(ExtensibilityGlobals) = postSolution
		SolutionGuid = {2F0057EB-4075-45D3-B75B-7C99F0097A85}
	EndGlobalSection
EndGlobal
